// !$*UTF8*$!
{
	archiveVersion = 1;
	classes = {
	};
	objectVersion = 50;
	objects = {

/* Begin PBXBuildFile section */
		76BEE0D12551DA8600360F12 /* BrewTableViewController.swift in Sources */ = {isa = PBXBuildFile; fileRef = 76BEE0D02551DA8600360F12 /* BrewTableViewController.swift */; };
		8251572B1B412374D7B0F43E /* Pods_Broeg.framework in Frameworks */ = {isa = PBXBuildFile; fileRef = 0D235F1795AD9BC533D9842E /* Pods_Broeg.framework */; };
		CD09DBE22554695000C0B594 /* GoogleService-Info.plist in Resources */ = {isa = PBXBuildFile; fileRef = CD09DBE12554695000C0B594 /* GoogleService-Info.plist */; };
		CD33684C255066E9001200AC /* ProfileViewController.swift in Sources */ = {isa = PBXBuildFile; fileRef = CD33684B255066E9001200AC /* ProfileViewController.swift */; };
		CD33684F255066FB001200AC /* CleaningViewController.swift in Sources */ = {isa = PBXBuildFile; fileRef = CD33684E255066FB001200AC /* CleaningViewController.swift */; };
		CD33685225506732001200AC /* HistoryTableViewController.swift in Sources */ = {isa = PBXBuildFile; fileRef = CD33685125506732001200AC /* HistoryTableViewController.swift */; };
		CD3368562550675E001200AC /* SettingsTableViewController.swift in Sources */ = {isa = PBXBuildFile; fileRef = CD3368552550675E001200AC /* SettingsTableViewController.swift */; };
		CD39E10A254ABA8500381075 /* AppDelegate.swift in Sources */ = {isa = PBXBuildFile; fileRef = CD39E109254ABA8500381075 /* AppDelegate.swift */; };
		CD39E10C254ABA8500381075 /* SceneDelegate.swift in Sources */ = {isa = PBXBuildFile; fileRef = CD39E10B254ABA8500381075 /* SceneDelegate.swift */; };
		CD39E10E254ABA8500381075 /* HomeViewController.swift in Sources */ = {isa = PBXBuildFile; fileRef = CD39E10D254ABA8500381075 /* HomeViewController.swift */; };
		CD39E111254ABA8500381075 /* Main.storyboard in Resources */ = {isa = PBXBuildFile; fileRef = CD39E10F254ABA8500381075 /* Main.storyboard */; };
		CD39E113254ABA8500381075 /* Assets.xcassets in Resources */ = {isa = PBXBuildFile; fileRef = CD39E112254ABA8500381075 /* Assets.xcassets */; };
		CD39E116254ABA8500381075 /* LaunchScreen.storyboard in Resources */ = {isa = PBXBuildFile; fileRef = CD39E114254ABA8500381075 /* LaunchScreen.storyboard */; };
		CD39E121254AD4E900381075 /* RoundedButton.swift in Sources */ = {isa = PBXBuildFile; fileRef = CD39E120254AD4E900381075 /* RoundedButton.swift */; };
/* End PBXBuildFile section */

/* Begin PBXFileReference section */
		0D235F1795AD9BC533D9842E /* Pods_Broeg.framework */ = {isa = PBXFileReference; explicitFileType = wrapper.framework; includeInIndex = 0; path = Pods_Broeg.framework; sourceTree = BUILT_PRODUCTS_DIR; };
		47F0BEE0E645E076B6FC7472 /* Pods-Broeg.debug.xcconfig */ = {isa = PBXFileReference; includeInIndex = 1; lastKnownFileType = text.xcconfig; name = "Pods-Broeg.debug.xcconfig"; path = "Target Support Files/Pods-Broeg/Pods-Broeg.debug.xcconfig"; sourceTree = "<group>"; };
		62377830481FAEB772C07329 /* Pods-Broeg.release.xcconfig */ = {isa = PBXFileReference; includeInIndex = 1; lastKnownFileType = text.xcconfig; name = "Pods-Broeg.release.xcconfig"; path = "Target Support Files/Pods-Broeg/Pods-Broeg.release.xcconfig"; sourceTree = "<group>"; };
		76BEE0D02551DA8600360F12 /* BrewTableViewController.swift */ = {isa = PBXFileReference; lastKnownFileType = sourcecode.swift; path = BrewTableViewController.swift; sourceTree = "<group>"; };
		CD09DBE12554695000C0B594 /* GoogleService-Info.plist */ = {isa = PBXFileReference; fileEncoding = 4; lastKnownFileType = text.plist.xml; name = "GoogleService-Info.plist"; path = "../../../../../../Downloads/GoogleService-Info.plist"; sourceTree = "<group>"; };
		CD33684B255066E9001200AC /* ProfileViewController.swift */ = {isa = PBXFileReference; lastKnownFileType = sourcecode.swift; path = ProfileViewController.swift; sourceTree = "<group>"; };
		CD33684E255066FB001200AC /* CleaningViewController.swift */ = {isa = PBXFileReference; lastKnownFileType = sourcecode.swift; path = CleaningViewController.swift; sourceTree = "<group>"; };
		CD33685125506732001200AC /* HistoryTableViewController.swift */ = {isa = PBXFileReference; lastKnownFileType = sourcecode.swift; path = HistoryTableViewController.swift; sourceTree = "<group>"; };
		CD3368552550675E001200AC /* SettingsTableViewController.swift */ = {isa = PBXFileReference; lastKnownFileType = sourcecode.swift; path = SettingsTableViewController.swift; sourceTree = "<group>"; };
		CD39E106254ABA8500381075 /* Broeg.app */ = {isa = PBXFileReference; explicitFileType = wrapper.application; includeInIndex = 0; path = Broeg.app; sourceTree = BUILT_PRODUCTS_DIR; };
		CD39E109254ABA8500381075 /* AppDelegate.swift */ = {isa = PBXFileReference; lastKnownFileType = sourcecode.swift; path = AppDelegate.swift; sourceTree = "<group>"; };
		CD39E10B254ABA8500381075 /* SceneDelegate.swift */ = {isa = PBXFileReference; lastKnownFileType = sourcecode.swift; path = SceneDelegate.swift; sourceTree = "<group>"; };
		CD39E10D254ABA8500381075 /* HomeViewController.swift */ = {isa = PBXFileReference; lastKnownFileType = sourcecode.swift; path = HomeViewController.swift; sourceTree = "<group>"; };
		CD39E110254ABA8500381075 /* Base */ = {isa = PBXFileReference; lastKnownFileType = file.storyboard; name = Base; path = Base.lproj/Main.storyboard; sourceTree = "<group>"; };
		CD39E112254ABA8500381075 /* Assets.xcassets */ = {isa = PBXFileReference; lastKnownFileType = folder.assetcatalog; path = Assets.xcassets; sourceTree = "<group>"; };
		CD39E115254ABA8500381075 /* Base */ = {isa = PBXFileReference; lastKnownFileType = file.storyboard; name = Base; path = Base.lproj/LaunchScreen.storyboard; sourceTree = "<group>"; };
		CD39E117254ABA8500381075 /* Info.plist */ = {isa = PBXFileReference; lastKnownFileType = text.plist.xml; path = Info.plist; sourceTree = "<group>"; };
		CD39E120254AD4E900381075 /* RoundedButton.swift */ = {isa = PBXFileReference; lastKnownFileType = sourcecode.swift; path = RoundedButton.swift; sourceTree = "<group>"; };
/* End PBXFileReference section */

/* Begin PBXFrameworksBuildPhase section */
		CD39E103254ABA8400381075 /* Frameworks */ = {
			isa = PBXFrameworksBuildPhase;
			buildActionMask = 2147483647;
			files = (
				8251572B1B412374D7B0F43E /* Pods_Broeg.framework in Frameworks */,
			);
			runOnlyForDeploymentPostprocessing = 0;
		};
/* End PBXFrameworksBuildPhase section */

/* Begin PBXGroup section */
		3F6308D07B3F847F5B36D884 /* Pods */ = {
			isa = PBXGroup;
			children = (
				47F0BEE0E645E076B6FC7472 /* Pods-Broeg.debug.xcconfig */,
				62377830481FAEB772C07329 /* Pods-Broeg.release.xcconfig */,
			);
			name = Pods;
			path = Pods;
			sourceTree = "<group>";
		};
		CD39E0FD254ABA8400381075 = {
			isa = PBXGroup;
			children = (
				CD39E108254ABA8500381075 /* Broeg */,
				CD39E107254ABA8500381075 /* Products */,
				3F6308D07B3F847F5B36D884 /* Pods */,
				F438385B27516D73B2A9D72D /* Frameworks */,
			);
			sourceTree = "<group>";
		};
		CD39E107254ABA8500381075 /* Products */ = {
			isa = PBXGroup;
			children = (
				CD39E106254ABA8500381075 /* Broeg.app */,
			);
			name = Products;
			sourceTree = "<group>";
		};
		CD39E108254ABA8500381075 /* Broeg */ = {
			isa = PBXGroup;
			children = (
				CD39E109254ABA8500381075 /* AppDelegate.swift */,
				CD39E10B254ABA8500381075 /* SceneDelegate.swift */,
				CD39E10D254ABA8500381075 /* HomeViewController.swift */,
				CD39E10F254ABA8500381075 /* Main.storyboard */,
				CD39E112254ABA8500381075 /* Assets.xcassets */,
				CD39E114254ABA8500381075 /* LaunchScreen.storyboard */,
				CD39E117254ABA8500381075 /* Info.plist */,
				CD09DBE12554695000C0B594 /* GoogleService-Info.plist */,
				CD39E120254AD4E900381075 /* RoundedButton.swift */,
				CD33684B255066E9001200AC /* ProfileViewController.swift */,
				CD33684E255066FB001200AC /* CleaningViewController.swift */,
				CD33685125506732001200AC /* HistoryTableViewController.swift */,
				CD3368552550675E001200AC /* SettingsTableViewController.swift */,
				76BEE0D02551DA8600360F12 /* BrewTableViewController.swift */,
			);
			path = Broeg;
			sourceTree = "<group>";
		};
		F438385B27516D73B2A9D72D /* Frameworks */ = {
			isa = PBXGroup;
			children = (
				0D235F1795AD9BC533D9842E /* Pods_Broeg.framework */,
			);
			name = Frameworks;
			sourceTree = "<group>";
		};
/* End PBXGroup section */

/* Begin PBXNativeTarget section */
		CD39E105254ABA8400381075 /* Broeg */ = {
			isa = PBXNativeTarget;
			buildConfigurationList = CD39E11A254ABA8500381075 /* Build configuration list for PBXNativeTarget "Broeg" */;
			buildPhases = (
				9264C9D79C056A85B51A4501 /* [CP] Check Pods Manifest.lock */,
				CD39E102254ABA8400381075 /* Sources */,
				CD39E103254ABA8400381075 /* Frameworks */,
				CD39E104254ABA8400381075 /* Resources */,
				D6FCF2D7CE837E0467ACA22A /* [CP] Embed Pods Frameworks */,
			);
			buildRules = (
			);
			dependencies = (
			);
			name = Broeg;
			productName = Broeg;
			productReference = CD39E106254ABA8500381075 /* Broeg.app */;
			productType = "com.apple.product-type.application";
		};
/* End PBXNativeTarget section */

/* Begin PBXProject section */
		CD39E0FE254ABA8400381075 /* Project object */ = {
			isa = PBXProject;
			attributes = {
				LastSwiftUpdateCheck = 1210;
				LastUpgradeCheck = 1210;
				TargetAttributes = {
					CD39E105254ABA8400381075 = {
						CreatedOnToolsVersion = 12.1;
					};
				};
			};
			buildConfigurationList = CD39E101254ABA8400381075 /* Build configuration list for PBXProject "Broeg" */;
			compatibilityVersion = "Xcode 9.3";
			developmentRegion = en;
			hasScannedForEncodings = 0;
			knownRegions = (
				en,
				Base,
			);
			mainGroup = CD39E0FD254ABA8400381075;
			productRefGroup = CD39E107254ABA8500381075 /* Products */;
			projectDirPath = "";
			projectRoot = "";
			targets = (
				CD39E105254ABA8400381075 /* Broeg */,
			);
		};
/* End PBXProject section */

/* Begin PBXResourcesBuildPhase section */
		CD39E104254ABA8400381075 /* Resources */ = {
			isa = PBXResourcesBuildPhase;
			buildActionMask = 2147483647;
			files = (
				CD39E116254ABA8500381075 /* LaunchScreen.storyboard in Resources */,
				CD09DBE22554695000C0B594 /* GoogleService-Info.plist in Resources */,
				CD39E113254ABA8500381075 /* Assets.xcassets in Resources */,
				CD39E111254ABA8500381075 /* Main.storyboard in Resources */,
			);
			runOnlyForDeploymentPostprocessing = 0;
		};
/* End PBXResourcesBuildPhase section */

/* Begin PBXShellScriptBuildPhase section */
		9264C9D79C056A85B51A4501 /* [CP] Check Pods Manifest.lock */ = {
			isa = PBXShellScriptBuildPhase;
			buildActionMask = 2147483647;
			files = (
			);
			inputFileListPaths = (
			);
			inputPaths = (
				"${PODS_PODFILE_DIR_PATH}/Podfile.lock",
				"${PODS_ROOT}/Manifest.lock",
			);
			name = "[CP] Check Pods Manifest.lock";
			outputFileListPaths = (
			);
			outputPaths = (
				"$(DERIVED_FILE_DIR)/Pods-Broeg-checkManifestLockResult.txt",
			);
			runOnlyForDeploymentPostprocessing = 0;
			shellPath = /bin/sh;
			shellScript = "diff \"${PODS_PODFILE_DIR_PATH}/Podfile.lock\" \"${PODS_ROOT}/Manifest.lock\" > /dev/null\nif [ $? != 0 ] ; then\n    # print error to STDERR\n    echo \"error: The sandbox is not in sync with the Podfile.lock. Run 'pod install' or update your CocoaPods installation.\" >&2\n    exit 1\nfi\n# This output is used by Xcode 'outputs' to avoid re-running this script phase.\necho \"SUCCESS\" > \"${SCRIPT_OUTPUT_FILE_0}\"\n";
			showEnvVarsInLog = 0;
		};
		D6FCF2D7CE837E0467ACA22A /* [CP] Embed Pods Frameworks */ = {
			isa = PBXShellScriptBuildPhase;
			buildActionMask = 2147483647;
			files = (
			);
			inputFileListPaths = (
				"${PODS_ROOT}/Target Support Files/Pods-Broeg/Pods-Broeg-frameworks-${CONFIGURATION}-input-files.xcfilelist",
			);
			name = "[CP] Embed Pods Frameworks";
			outputFileListPaths = (
				"${PODS_ROOT}/Target Support Files/Pods-Broeg/Pods-Broeg-frameworks-${CONFIGURATION}-output-files.xcfilelist",
			);
			runOnlyForDeploymentPostprocessing = 0;
			shellPath = /bin/sh;
			shellScript = "\"${PODS_ROOT}/Target Support Files/Pods-Broeg/Pods-Broeg-frameworks.sh\"\n";
			showEnvVarsInLog = 0;
		};
/* End PBXShellScriptBuildPhase section */

/* Begin PBXSourcesBuildPhase section */
		CD39E102254ABA8400381075 /* Sources */ = {
			isa = PBXSourcesBuildPhase;
			buildActionMask = 2147483647;
			files = (
				CD39E10E254ABA8500381075 /* HomeViewController.swift in Sources */,
				76BEE0D12551DA8600360F12 /* BrewTableViewController.swift in Sources */,
				CD39E10A254ABA8500381075 /* AppDelegate.swift in Sources */,
				CD39E10C254ABA8500381075 /* SceneDelegate.swift in Sources */,
				CD33684C255066E9001200AC /* ProfileViewController.swift in Sources */,
				CD33685225506732001200AC /* HistoryTableViewController.swift in Sources */,
				CD39E121254AD4E900381075 /* RoundedButton.swift in Sources */,
				CD33684F255066FB001200AC /* CleaningViewController.swift in Sources */,
				CD3368562550675E001200AC /* SettingsTableViewController.swift in Sources */,
			);
			runOnlyForDeploymentPostprocessing = 0;
		};
/* End PBXSourcesBuildPhase section */

/* Begin PBXVariantGroup section */
		CD39E10F254ABA8500381075 /* Main.storyboard */ = {
			isa = PBXVariantGroup;
			children = (
				CD39E110254ABA8500381075 /* Base */,
			);
			name = Main.storyboard;
			sourceTree = "<group>";
		};
		CD39E114254ABA8500381075 /* LaunchScreen.storyboard */ = {
			isa = PBXVariantGroup;
			children = (
				CD39E115254ABA8500381075 /* Base */,
			);
			name = LaunchScreen.storyboard;
			sourceTree = "<group>";
		};
/* End PBXVariantGroup section */

/* Begin XCBuildConfiguration section */
		CD39E118254ABA8500381075 /* Debug */ = {
			isa = XCBuildConfiguration;
			buildSettings = {
				ALWAYS_SEARCH_USER_PATHS = NO;
				CLANG_ANALYZER_NONNULL = YES;
				CLANG_ANALYZER_NUMBER_OBJECT_CONVERSION = YES_AGGRESSIVE;
				CLANG_CXX_LANGUAGE_STANDARD = "gnu++14";
				CLANG_CXX_LIBRARY = "libc++";
				CLANG_ENABLE_MODULES = YES;
				CLANG_ENABLE_OBJC_ARC = YES;
				CLANG_ENABLE_OBJC_WEAK = YES;
				CLANG_WARN_BLOCK_CAPTURE_AUTORELEASING = YES;
				CLANG_WARN_BOOL_CONVERSION = YES;
				CLANG_WARN_COMMA = YES;
				CLANG_WARN_CONSTANT_CONVERSION = YES;
				CLANG_WARN_DEPRECATED_OBJC_IMPLEMENTATIONS = YES;
				CLANG_WARN_DIRECT_OBJC_ISA_USAGE = YES_ERROR;
				CLANG_WARN_DOCUMENTATION_COMMENTS = YES;
				CLANG_WARN_EMPTY_BODY = YES;
				CLANG_WARN_ENUM_CONVERSION = YES;
				CLANG_WARN_INFINITE_RECURSION = YES;
				CLANG_WARN_INT_CONVERSION = YES;
				CLANG_WARN_NON_LITERAL_NULL_CONVERSION = YES;
				CLANG_WARN_OBJC_IMPLICIT_RETAIN_SELF = YES;
				CLANG_WARN_OBJC_LITERAL_CONVERSION = YES;
				CLANG_WARN_OBJC_ROOT_CLASS = YES_ERROR;
				CLANG_WARN_QUOTED_INCLUDE_IN_FRAMEWORK_HEADER = YES;
				CLANG_WARN_RANGE_LOOP_ANALYSIS = YES;
				CLANG_WARN_STRICT_PROTOTYPES = YES;
				CLANG_WARN_SUSPICIOUS_MOVE = YES;
				CLANG_WARN_UNGUARDED_AVAILABILITY = YES_AGGRESSIVE;
				CLANG_WARN_UNREACHABLE_CODE = YES;
				CLANG_WARN__DUPLICATE_METHOD_MATCH = YES;
				COPY_PHASE_STRIP = NO;
				DEBUG_INFORMATION_FORMAT = dwarf;
				ENABLE_STRICT_OBJC_MSGSEND = YES;
				ENABLE_TESTABILITY = YES;
				GCC_C_LANGUAGE_STANDARD = gnu11;
				GCC_DYNAMIC_NO_PIC = NO;
				GCC_NO_COMMON_BLOCKS = YES;
				GCC_OPTIMIZATION_LEVEL = 0;
				GCC_PREPROCESSOR_DEFINITIONS = (
					"DEBUG=1",
					"$(inherited)",
				);
				GCC_WARN_64_TO_32_BIT_CONVERSION = YES;
				GCC_WARN_ABOUT_RETURN_TYPE = YES_ERROR;
				GCC_WARN_UNDECLARED_SELECTOR = YES;
				GCC_WARN_UNINITIALIZED_AUTOS = YES_AGGRESSIVE;
				GCC_WARN_UNUSED_FUNCTION = YES;
				GCC_WARN_UNUSED_VARIABLE = YES;
				IPHONEOS_DEPLOYMENT_TARGET = 14.1;
				MTL_ENABLE_DEBUG_INFO = INCLUDE_SOURCE;
				MTL_FAST_MATH = YES;
				ONLY_ACTIVE_ARCH = YES;
				SDKROOT = iphoneos;
				SWIFT_ACTIVE_COMPILATION_CONDITIONS = DEBUG;
				SWIFT_OPTIMIZATION_LEVEL = "-Onone";
			};
			name = Debug;
		};
		CD39E119254ABA8500381075 /* Release */ = {
			isa = XCBuildConfiguration;
			buildSettings = {
				ALWAYS_SEARCH_USER_PATHS = NO;
				CLANG_ANALYZER_NONNULL = YES;
				CLANG_ANALYZER_NUMBER_OBJECT_CONVERSION = YES_AGGRESSIVE;
				CLANG_CXX_LANGUAGE_STANDARD = "gnu++14";
				CLANG_CXX_LIBRARY = "libc++";
				CLANG_ENABLE_MODULES = YES;
				CLANG_ENABLE_OBJC_ARC = YES;
				CLANG_ENABLE_OBJC_WEAK = YES;
				CLANG_WARN_BLOCK_CAPTURE_AUTORELEASING = YES;
				CLANG_WARN_BOOL_CONVERSION = YES;
				CLANG_WARN_COMMA = YES;
				CLANG_WARN_CONSTANT_CONVERSION = YES;
				CLANG_WARN_DEPRECATED_OBJC_IMPLEMENTATIONS = YES;
				CLANG_WARN_DIRECT_OBJC_ISA_USAGE = YES_ERROR;
				CLANG_WARN_DOCUMENTATION_COMMENTS = YES;
				CLANG_WARN_EMPTY_BODY = YES;
				CLANG_WARN_ENUM_CONVERSION = YES;
				CLANG_WARN_INFINITE_RECURSION = YES;
				CLANG_WARN_INT_CONVERSION = YES;
				CLANG_WARN_NON_LITERAL_NULL_CONVERSION = YES;
				CLANG_WARN_OBJC_IMPLICIT_RETAIN_SELF = YES;
				CLANG_WARN_OBJC_LITERAL_CONVERSION = YES;
				CLANG_WARN_OBJC_ROOT_CLASS = YES_ERROR;
				CLANG_WARN_QUOTED_INCLUDE_IN_FRAMEWORK_HEADER = YES;
				CLANG_WARN_RANGE_LOOP_ANALYSIS = YES;
				CLANG_WARN_STRICT_PROTOTYPES = YES;
				CLANG_WARN_SUSPICIOUS_MOVE = YES;
				CLANG_WARN_UNGUARDED_AVAILABILITY = YES_AGGRESSIVE;
				CLANG_WARN_UNREACHABLE_CODE = YES;
				CLANG_WARN__DUPLICATE_METHOD_MATCH = YES;
				COPY_PHASE_STRIP = NO;
				DEBUG_INFORMATION_FORMAT = "dwarf-with-dsym";
				ENABLE_NS_ASSERTIONS = NO;
				ENABLE_STRICT_OBJC_MSGSEND = YES;
				GCC_C_LANGUAGE_STANDARD = gnu11;
				GCC_NO_COMMON_BLOCKS = YES;
				GCC_WARN_64_TO_32_BIT_CONVERSION = YES;
				GCC_WARN_ABOUT_RETURN_TYPE = YES_ERROR;
				GCC_WARN_UNDECLARED_SELECTOR = YES;
				GCC_WARN_UNINITIALIZED_AUTOS = YES_AGGRESSIVE;
				GCC_WARN_UNUSED_FUNCTION = YES;
				GCC_WARN_UNUSED_VARIABLE = YES;
				IPHONEOS_DEPLOYMENT_TARGET = 14.1;
				MTL_ENABLE_DEBUG_INFO = NO;
				MTL_FAST_MATH = YES;
				SDKROOT = iphoneos;
				SWIFT_COMPILATION_MODE = wholemodule;
				SWIFT_OPTIMIZATION_LEVEL = "-O";
				VALIDATE_PRODUCT = YES;
			};
			name = Release;
		};
		CD39E11B254ABA8500381075 /* Debug */ = {
			isa = XCBuildConfiguration;
			baseConfigurationReference = 47F0BEE0E645E076B6FC7472 /* Pods-Broeg.debug.xcconfig */;
			buildSettings = {
				ASSETCATALOG_COMPILER_APPICON_NAME = AppIcon;
				ASSETCATALOG_COMPILER_GLOBAL_ACCENT_COLOR_NAME = AccentColor;
				CODE_SIGN_STYLE = Automatic;
				INFOPLIST_FILE = Broeg/Info.plist;
				LD_RUNPATH_SEARCH_PATHS = (
					"$(inherited)",
					"@executable_path/Frameworks",
				);
				PRODUCT_BUNDLE_IDENTIFIER = "DTU-project.Broeg";
				PRODUCT_NAME = "$(TARGET_NAME)";
				SWIFT_VERSION = 5.0;
				TARGETED_DEVICE_FAMILY = "1,2";
			};
			name = Debug;
		};
		CD39E11C254ABA8500381075 /* Release */ = {
			isa = XCBuildConfiguration;
			baseConfigurationReference = 62377830481FAEB772C07329 /* Pods-Broeg.release.xcconfig */;
			buildSettings = {
				ASSETCATALOG_COMPILER_APPICON_NAME = AppIcon;
				ASSETCATALOG_COMPILER_GLOBAL_ACCENT_COLOR_NAME = AccentColor;
				CODE_SIGN_STYLE = Automatic;
				INFOPLIST_FILE = Broeg/Info.plist;
				LD_RUNPATH_SEARCH_PATHS = (
					"$(inherited)",
					"@executable_path/Frameworks",
				);
				PRODUCT_BUNDLE_IDENTIFIER = "DTU-project.Broeg";
				PRODUCT_NAME = "$(TARGET_NAME)";
				SWIFT_VERSION = 5.0;
				TARGETED_DEVICE_FAMILY = "1,2";
			};
			name = Release;
		};
/* End XCBuildConfiguration section */

/* Begin XCConfigurationList section */
		CD39E101254ABA8400381075 /* Build configuration list for PBXProject "Broeg" */ = {
			isa = XCConfigurationList;
			buildConfigurations = (
				CD39E118254ABA8500381075 /* Debug */,
				CD39E119254ABA8500381075 /* Release */,
			);
			defaultConfigurationIsVisible = 0;
			defaultConfigurationName = Release;
		};
		CD39E11A254ABA8500381075 /* Build configuration list for PBXNativeTarget "Broeg" */ = {
			isa = XCConfigurationList;
			buildConfigurations = (
				CD39E11B254ABA8500381075 /* Debug */,
				CD39E11C254ABA8500381075 /* Release */,
			);
			defaultConfigurationIsVisible = 0;
			defaultConfigurationName = Release;
		};
/* End XCConfigurationList section */
	};
	rootObject = CD39E0FE254ABA8400381075 /* Project object */;
}
